
Microsoft Visual Studio Solution File, Format Version 12.00
# Visual Studio Version 17
VisualStudioVersion = 17.11.35312.102
MinimumVisualStudioVersion = 10.0.40219.1
Project("{FAE04EC0-301F-11D3-BF4B-00C04F79EFBC}") = "WebApiUsers", "WebApiUsers.csproj", "{D0AF9421-D622-4642-8B3A-14334EDBD34E}"
EndProject
Global
	GlobalSection(SolutionConfigurationPlatforms) = preSolution
		Debug|Any CPU = Debug|Any CPU
		Release|Any CPU = Release|Any CPU
	EndGlobalSection
	GlobalSection(ProjectConfigurationPlatforms) = postSolution
		{D0AF9421-D622-4642-8B3A-14334EDBD34E}.Debug|Any CPU.ActiveCfg = Debug|Any CPU
		{D0AF9421-D622-4642-8B3A-14334EDBD34E}.Debug|Any CPU.Build.0 = Debug|Any CPU
		{D0AF9421-D622-4642-8B3A-14334EDBD34E}.Release|Any CPU.ActiveCfg = Release|Any CPU
		{D0AF9421-D622-4642-8B3A-14334EDBD34E}.Release|Any CPU.Build.0 = Release|Any CPU
	EndGlobalSection
	GlobalSection(SolutionProperties) = preSolution
		HideSolutionNode = FALSE
	EndGlobalSection
	GlobalSection(ExtensibilityGlobals) = postSolution
		SolutionGuid = {EEB064E7-EEE4-4925-872C-74D0778E4767}
	EndGlobalSection
EndGlobal
