
Microsoft Visual Studio Solution File, Format Version 12.00
# Visual Studio Version 17
VisualStudioVersion = 17.10.34916.146
MinimumVisualStudioVersion = 10.0.40219.1
Project("{FAE04EC0-301F-11D3-BF4B-00C04F79EFBC}") = "AzureServiceBusReceptor", "AzureServiceBusReceptor.csproj", "{78557B69-375A-4B88-A7CC-CF5AA17DD101}"
EndProject
Global
	GlobalSection(SolutionConfigurationPlatforms) = preSolution
		Debug|Any CPU = Debug|Any CPU
		Release|Any CPU = Release|Any CPU
	EndGlobalSection
	GlobalSection(ProjectConfigurationPlatforms) = postSolution
		{78557B69-375A-4B88-A7CC-CF5AA17DD101}.Debug|Any CPU.ActiveCfg = Debug|Any CPU
		{78557B69-375A-4B88-A7CC-CF5AA17DD101}.Debug|Any CPU.Build.0 = Debug|Any CPU
		{78557B69-375A-4B88-A7CC-CF5AA17DD101}.Release|Any CPU.ActiveCfg = Release|Any CPU
		{78557B69-375A-4B88-A7CC-CF5AA17DD101}.Release|Any CPU.Build.0 = Release|Any CPU
	EndGlobalSection
	GlobalSection(SolutionProperties) = preSolution
		HideSolutionNode = FALSE
	EndGlobalSection
	GlobalSection(ExtensibilityGlobals) = postSolution
		SolutionGuid = {C398E411-7259-4D7D-8C5B-C4564BB7DB85}
	EndGlobalSection
EndGlobal
